
Microsoft Visual Studio Solution File, Format Version 12.00
# Visual Studio Version 17
VisualStudioVersion = 17.8.34330.188
MinimumVisualStudioVersion = 10.0.40219.1
Project("{FAE04EC0-301F-11D3-BF4B-00C04F79EFBC}") = "ASP_HomeWork_1", "ASP_HomeWork_1\ASP_HomeWork_1.csproj", "{9D7D0108-EBD9-4E28-93FE-1AA1F91F5006}"
EndProject
Global
	GlobalSection(SolutionConfigurationPlatforms) = preSolution
		Debug|Any CPU = Debug|Any CPU
		Release|Any CPU = Release|Any CPU
	EndGlobalSection
	GlobalSection(ProjectConfigurationPlatforms) = postSolution
		{9D7D0108-EBD9-4E28-93FE-1AA1F91F5006}.Debug|Any CPU.ActiveCfg = Debug|Any CPU
		{9D7D0108-EBD9-4E28-93FE-1AA1F91F5006}.Debug|Any CPU.Build.0 = Debug|Any CPU
		{9D7D0108-EBD9-4E28-93FE-1AA1F91F5006}.Release|Any CPU.ActiveCfg = Release|Any CPU
		{9D7D0108-EBD9-4E28-93FE-1AA1F91F5006}.Release|Any CPU.Build.0 = Release|Any CPU
	EndGlobalSection
	GlobalSection(SolutionProperties) = preSolution
		HideSolutionNode = FALSE
	EndGlobalSection
	GlobalSection(ExtensibilityGlobals) = postSolution
		SolutionGuid = {17FDB6C0-606E-47A6-AC9D-9FB3B389C4A2}
	EndGlobalSection
EndGlobal
